
Microsoft Visual Studio Solution File, Format Version 12.00
# Visual Studio Version 16
VisualStudioVersion = 16.0.31025.194
MinimumVisualStudioVersion = 10.0.40219.1
Project("{FAE04EC0-301F-11D3-BF4B-00C04F79EFBC}") = "Qorder", "Qorder\Qorder.csproj", "{8ADA5548-8BCC-48D3-AE3A-CA551CDF9C5F}"
EndProject
Global
	GlobalSection(SolutionConfigurationPlatforms) = preSolution
		Debug|Any CPU = Debug|Any CPU
		Release|Any CPU = Release|Any CPU
	EndGlobalSection
	GlobalSection(ProjectConfigurationPlatforms) = postSolution
		{8ADA5548-8BCC-48D3-AE3A-CA551CDF9C5F}.Debug|Any CPU.ActiveCfg = Debug|Any CPU
		{8ADA5548-8BCC-48D3-AE3A-CA551CDF9C5F}.Debug|Any CPU.Build.0 = Debug|Any CPU
		{8ADA5548-8BCC-48D3-AE3A-CA551CDF9C5F}.Release|Any CPU.ActiveCfg = Release|Any CPU
		{8ADA5548-8BCC-48D3-AE3A-CA551CDF9C5F}.Release|Any CPU.Build.0 = Release|Any CPU
	EndGlobalSection
	GlobalSection(SolutionProperties) = preSolution
		HideSolutionNode = FALSE
	EndGlobalSection
	GlobalSection(ExtensibilityGlobals) = postSolution
		SolutionGuid = {0CBE33A3-A62F-470D-8F82-89A74CF772DE}
	EndGlobalSection
	GlobalSection(TeamFoundationVersionControl) = preSolution
		SccNumberOfProjects = 2
		SccEnterpriseProvider = {4CA58AB2-18FA-4F8D-95D4-32DDF27D184C}
		SccTeamFoundationServer = https://dev.azure.com/rajeshirkesairaj
		SccLocalPath0 = .
		SccProjectUniqueName1 = Qorder\\Qorder.csproj
		SccProjectName1 = Qorder
		SccLocalPath1 = Qorder
	EndGlobalSection
EndGlobal
